
Microsoft Visual Studio Solution File, Format Version 12.00
# Visual Studio Version 16
VisualStudioVersion = 16.0.32510.428
MinimumVisualStudioVersion = 10.0.40219.1
Project("{FAE04EC0-301F-11D3-BF4B-00C04F79EFBC}") = "testDatabase", "testDatabase\testDatabase.csproj", "{4A0197FD-1611-4642-8419-49771345747A}"
EndProject
Global
	GlobalSection(SolutionConfigurationPlatforms) = preSolution
		Debug|Any CPU = Debug|Any CPU
		Release|Any CPU = Release|Any CPU
	EndGlobalSection
	GlobalSection(ProjectConfigurationPlatforms) = postSolution
		{4A0197FD-1611-4642-8419-49771345747A}.Debug|Any CPU.ActiveCfg = Debug|Any CPU
		{4A0197FD-1611-4642-8419-49771345747A}.Debug|Any CPU.Build.0 = Debug|Any CPU
		{4A0197FD-1611-4642-8419-49771345747A}.Release|Any CPU.ActiveCfg = Release|Any CPU
		{4A0197FD-1611-4642-8419-49771345747A}.Release|Any CPU.Build.0 = Release|Any CPU
	EndGlobalSection
	GlobalSection(SolutionProperties) = preSolution
		HideSolutionNode = FALSE
	EndGlobalSection
	GlobalSection(ExtensibilityGlobals) = postSolution
		SolutionGuid = {BB1789D4-35B8-4A24-8109-A805FCBC73E3}
	EndGlobalSection
EndGlobal
