
Microsoft Visual Studio Solution File, Format Version 12.00
# Visual Studio Version 17
VisualStudioVersion = 17.1.32421.90
MinimumVisualStudioVersion = 10.0.40219.1
Project("{FAE04EC0-301F-11D3-BF4B-00C04F79EFBC}") = "Lab03", "Lab03\Lab03.csproj", "{40174EDC-4E3A-4219-ABED-10695D4455FD}"
EndProject
Global
	GlobalSection(SolutionConfigurationPlatforms) = preSolution
		Debug|Any CPU = Debug|Any CPU
		Release|Any CPU = Release|Any CPU
	EndGlobalSection
	GlobalSection(ProjectConfigurationPlatforms) = postSolution
		{40174EDC-4E3A-4219-ABED-10695D4455FD}.Debug|Any CPU.ActiveCfg = Debug|Any CPU
		{40174EDC-4E3A-4219-ABED-10695D4455FD}.Debug|Any CPU.Build.0 = Debug|Any CPU
		{40174EDC-4E3A-4219-ABED-10695D4455FD}.Release|Any CPU.ActiveCfg = Release|Any CPU
		{40174EDC-4E3A-4219-ABED-10695D4455FD}.Release|Any CPU.Build.0 = Release|Any CPU
	EndGlobalSection
	GlobalSection(SolutionProperties) = preSolution
		HideSolutionNode = FALSE
	EndGlobalSection
	GlobalSection(ExtensibilityGlobals) = postSolution
		SolutionGuid = {4B4F0843-6B8D-4558-A215-33F56C8A5D14}
	EndGlobalSection
EndGlobal
