
Microsoft Visual Studio Solution File, Format Version 12.00
# Visual Studio Version 16
VisualStudioVersion = 16.0.32510.428
MinimumVisualStudioVersion = 10.0.40219.1
Project("{FAE04EC0-301F-11D3-BF4B-00C04F79EFBC}") = "DBTutorial2", "DBTutorial2\DBTutorial2.csproj", "{50ECB772-9460-4B2B-9009-1929A11FACC5}"
EndProject
Global
	GlobalSection(SolutionConfigurationPlatforms) = preSolution
		Debug|Any CPU = Debug|Any CPU
		Release|Any CPU = Release|Any CPU
	EndGlobalSection
	GlobalSection(ProjectConfigurationPlatforms) = postSolution
		{50ECB772-9460-4B2B-9009-1929A11FACC5}.Debug|Any CPU.ActiveCfg = Debug|Any CPU
		{50ECB772-9460-4B2B-9009-1929A11FACC5}.Debug|Any CPU.Build.0 = Debug|Any CPU
		{50ECB772-9460-4B2B-9009-1929A11FACC5}.Release|Any CPU.ActiveCfg = Release|Any CPU
		{50ECB772-9460-4B2B-9009-1929A11FACC5}.Release|Any CPU.Build.0 = Release|Any CPU
	EndGlobalSection
	GlobalSection(SolutionProperties) = preSolution
		HideSolutionNode = FALSE
	EndGlobalSection
	GlobalSection(ExtensibilityGlobals) = postSolution
		SolutionGuid = {427017E3-B539-4CD5-8DC4-3BF4FB387CBB}
	EndGlobalSection
EndGlobal
