
Microsoft Visual Studio Solution File, Format Version 12.00
# Visual Studio Version 16
VisualStudioVersion = 16.0.32510.428
MinimumVisualStudioVersion = 10.0.40219.1
Project("{FAE04EC0-301F-11D3-BF4B-00C04F79EFBC}") = "DBTutorial4", "DBTutorial4\DBTutorial4.csproj", "{77D36D54-BF63-44B2-BD68-8E32E4608F77}"
EndProject
Global
	GlobalSection(SolutionConfigurationPlatforms) = preSolution
		Debug|Any CPU = Debug|Any CPU
		Release|Any CPU = Release|Any CPU
	EndGlobalSection
	GlobalSection(ProjectConfigurationPlatforms) = postSolution
		{77D36D54-BF63-44B2-BD68-8E32E4608F77}.Debug|Any CPU.ActiveCfg = Debug|Any CPU
		{77D36D54-BF63-44B2-BD68-8E32E4608F77}.Debug|Any CPU.Build.0 = Debug|Any CPU
		{77D36D54-BF63-44B2-BD68-8E32E4608F77}.Release|Any CPU.ActiveCfg = Release|Any CPU
		{77D36D54-BF63-44B2-BD68-8E32E4608F77}.Release|Any CPU.Build.0 = Release|Any CPU
	EndGlobalSection
	GlobalSection(SolutionProperties) = preSolution
		HideSolutionNode = FALSE
	EndGlobalSection
	GlobalSection(ExtensibilityGlobals) = postSolution
		SolutionGuid = {3B5FC754-F632-497E-ABF2-E1B25824E6F2}
	EndGlobalSection
EndGlobal
